
Microsoft Visual Studio Solution File, Format Version 12.00
# Visual Studio 15
VisualStudioVersion = 15.0.27130.2024
MinimumVisualStudioVersion = 10.0.40219.1
Project("{FAE04EC0-301F-11D3-BF4B-00C04F79EFBC}") = "SQLite", "SQLite\SQLite\SQLite.csproj", "{E14B71A2-E108-4021-B39C-B42EC7294FB3}"
EndProject
Project("{FAE04EC0-301F-11D3-BF4B-00C04F79EFBC}") = "SQLite.Android", "SQLite\SQLite.Android\SQLite.Android.csproj", "{22C679FC-C5DE-4B9C-BB33-806F27D2EF0E}"
EndProject
Project("{FAE04EC0-301F-11D3-BF4B-00C04F79EFBC}") = "SQLite.IOS", "SQLite\SQLite.IOS\SQLite.IOS.csproj", "{B24B3ED8-720F-4588-985E-2E3578C23B4B}"
EndProject
Project("{FAE04EC0-301F-11D3-BF4B-00C04F79EFBC}") = "SQLite.UWP", "SQLite\SQLite.UWP\SQLite.UWP.csproj", "{D46B35E3-1ADF-4C62-9667-D29F18B0B616}"
EndProject
Global
	GlobalSection(SolutionConfigurationPlatforms) = preSolution
		Ad-Hoc|Any CPU = Ad-Hoc|Any CPU
		Ad-Hoc|ARM = Ad-Hoc|ARM
		Ad-Hoc|iPhone = Ad-Hoc|iPhone
		Ad-Hoc|iPhoneSimulator = Ad-Hoc|iPhoneSimulator
		Ad-Hoc|x64 = Ad-Hoc|x64
		Ad-Hoc|x86 = Ad-Hoc|x86
		AppStore|Any CPU = AppStore|Any CPU
		AppStore|ARM = AppStore|ARM
		AppStore|iPhone = AppStore|iPhone
		AppStore|iPhoneSimulator = AppStore|iPhoneSimulator
		AppStore|x64 = AppStore|x64
		AppStore|x86 = AppStore|x86
		Debug|Any CPU = Debug|Any CPU
		Debug|ARM = Debug|ARM
		Debug|iPhone = Debug|iPhone
		Debug|iPhoneSimulator = Debug|iPhoneSimulator
		Debug|x64 = Debug|x64
		Debug|x86 = Debug|x86
		Release|Any CPU = Release|Any CPU
		Release|ARM = Release|ARM
		Release|iPhone = Release|iPhone
		Release|iPhoneSimulator = Release|iPhoneSimulator
		Release|x64 = Release|x64
		Release|x86 = Release|x86
	EndGlobalSection
	GlobalSection(ProjectConfigurationPlatforms) = postSolution
		{E14B71A2-E108-4021-B39C-B42EC7294FB3}.Ad-Hoc|Any CPU.ActiveCfg = Debug|Any CPU
		{E14B71A2-E108-4021-B39C-B42EC7294FB3}.Ad-Hoc|Any CPU.Build.0 = Debug|Any CPU
		{E14B71A2-E108-4021-B39C-B42EC7294FB3}.Ad-Hoc|ARM.ActiveCfg = Debug|Any CPU
		{E14B71A2-E108-4021-B39C-B42EC7294FB3}.Ad-Hoc|ARM.Build.0 = Debug|Any CPU
		{E14B71A2-E108-4021-B39C-B42EC7294FB3}.Ad-Hoc|iPhone.ActiveCfg = Debug|Any CPU
		{E14B71A2-E108-4021-B39C-B42EC7294FB3}.Ad-Hoc|iPhone.Build.0 = Debug|Any CPU
		{E14B71A2-E108-4021-B39C-B42EC7294FB3}.Ad-Hoc|iPhoneSimulator.ActiveCfg = Debug|Any CPU
		{E14B71A2-E108-4021-B39C-B42EC7294FB3}.Ad-Hoc|iPhoneSimulator.Build.0 = Debug|Any CPU
		{E14B71A2-E108-4021-B39C-B42EC7294FB3}.Ad-Hoc|x64.ActiveCfg = Debug|Any CPU
		{E14B71A2-E108-4021-B39C-B42EC7294FB3}.Ad-Hoc|x64.Build.0 = Debug|Any CPU
		{E14B71A2-E108-4021-B39C-B42EC7294FB3}.Ad-Hoc|x86.ActiveCfg = Debug|Any CPU
		{E14B71A2-E108-4021-B39C-B42EC7294FB3}.Ad-Hoc|x86.Build.0 = Debug|Any CPU
		{E14B71A2-E108-4021-B39C-B42EC7294FB3}.AppStore|Any CPU.ActiveCfg = Debug|Any CPU
		{E14B71A2-E108-4021-B39C-B42EC7294FB3}.AppStore|Any CPU.Build.0 = Debug|Any CPU
		{E14B71A2-E108-4021-B39C-B42EC7294FB3}.AppStore|ARM.ActiveCfg = Debug|Any CPU
		{E14B71A2-E108-4021-B39C-B42EC7294FB3}.AppStore|ARM.Build.0 = Debug|Any CPU
		{E14B71A2-E108-4021-B39C-B42EC7294FB3}.AppStore|iPhone.ActiveCfg = Debug|Any CPU
		{E14B71A2-E108-4021-B39C-B42EC7294FB3}.AppStore|iPhone.Build.0 = Debug|Any CPU
		{E14B71A2-E108-4021-B39C-B42EC7294FB3}.AppStore|iPhoneSimulator.ActiveCfg = Debug|Any CPU
		{E14B71A2-E108-4021-B39C-B42EC7294FB3}.AppStore|iPhoneSimulator.Build.0 = Debug|Any CPU
		{E14B71A2-E108-4021-B39C-B42EC7294FB3}.AppStore|x64.ActiveCfg = Debug|Any CPU
		{E14B71A2-E108-4021-B39C-B42EC7294FB3}.AppStore|x64.Build.0 = Debug|Any CPU
		{E14B71A2-E108-4021-B39C-B42EC7294FB3}.AppStore|x86.ActiveCfg = Debug|Any CPU
		{E14B71A2-E108-4021-B39C-B42EC7294FB3}.AppStore|x86.Build.0 = Debug|Any CPU
		{E14B71A2-E108-4021-B39C-B42EC7294FB3}.Debug|Any CPU.ActiveCfg = Debug|Any CPU
		{E14B71A2-E108-4021-B39C-B42EC7294FB3}.Debug|Any CPU.Build.0 = Debug|Any CPU
		{E14B71A2-E108-4021-B39C-B42EC7294FB3}.Debug|ARM.ActiveCfg = Debug|Any CPU
		{E14B71A2-E108-4021-B39C-B42EC7294FB3}.Debug|ARM.Build.0 = Debug|Any CPU
		{E14B71A2-E108-4021-B39C-B42EC7294FB3}.Debug|iPhone.ActiveCfg = Debug|Any CPU
		{E14B71A2-E108-4021-B39C-B42EC7294FB3}.Debug|iPhone.Build.0 = Debug|Any CPU
		{E14B71A2-E108-4021-B39C-B42EC7294FB3}.Debug|iPhoneSimulator.ActiveCfg = Debug|Any CPU
		{E14B71A2-E108-4021-B39C-B42EC7294FB3}.Debug|iPhoneSimulator.Build.0 = Debug|Any CPU
		{E14B71A2-E108-4021-B39C-B42EC7294FB3}.Debug|x64.ActiveCfg = Debug|Any CPU
		{E14B71A2-E108-4021-B39C-B42EC7294FB3}.Debug|x64.Build.0 = Debug|Any CPU
		{E14B71A2-E108-4021-B39C-B42EC7294FB3}.Debug|x86.ActiveCfg = Debug|Any CPU
		{E14B71A2-E108-4021-B39C-B42EC7294FB3}.Debug|x86.Build.0 = Debug|Any CPU
		{E14B71A2-E108-4021-B39C-B42EC7294FB3}.Release|Any CPU.ActiveCfg = Release|Any CPU
		{E14B71A2-E108-4021-B39C-B42EC7294FB3}.Release|Any CPU.Build.0 = Release|Any CPU
		{E14B71A2-E108-4021-B39C-B42EC7294FB3}.Release|ARM.ActiveCfg = Release|Any CPU
		{E14B71A2-E108-4021-B39C-B42EC7294FB3}.Release|ARM.Build.0 = Release|Any CPU
		{E14B71A2-E108-4021-B39C-B42EC7294FB3}.Release|iPhone.ActiveCfg = Release|Any CPU
		{E14B71A2-E108-4021-B39C-B42EC7294FB3}.Release|iPhone.Build.0 = Release|Any CPU
		{E14B71A2-E108-4021-B39C-B42EC7294FB3}.Release|iPhoneSimulator.ActiveCfg = Release|Any CPU
		{E14B71A2-E108-4021-B39C-B42EC7294FB3}.Release|iPhoneSimulator.Build.0 = Release|Any CPU
		{E14B71A2-E108-4021-B39C-B42EC7294FB3}.Release|x64.ActiveCfg = Release|Any CPU
		{E14B71A2-E108-4021-B39C-B42EC7294FB3}.Release|x64.Build.0 = Release|Any CPU
		{E14B71A2-E108-4021-B39C-B42EC7294FB3}.Release|x86.ActiveCfg = Release|Any CPU
		{E14B71A2-E108-4021-B39C-B42EC7294FB3}.Release|x86.Build.0 = Release|Any CPU
		{22C679FC-C5DE-4B9C-BB33-806F27D2EF0E}.Ad-Hoc|Any CPU.ActiveCfg = Release|Any CPU
		{22C679FC-C5DE-4B9C-BB33-806F27D2EF0E}.Ad-Hoc|Any CPU.Build.0 = Release|Any CPU
		{22C679FC-C5DE-4B9C-BB33-806F27D2EF0E}.Ad-Hoc|Any CPU.Deploy.0 = Release|Any CPU
		{22C679FC-C5DE-4B9C-BB33-806F27D2EF0E}.Ad-Hoc|ARM.ActiveCfg = Release|Any CPU
		{22C679FC-C5DE-4B9C-BB33-806F27D2EF0E}.Ad-Hoc|ARM.Build.0 = Release|Any CPU
		{22C679FC-C5DE-4B9C-BB33-806F27D2EF0E}.Ad-Hoc|ARM.Deploy.0 = Release|Any CPU
		{22C679FC-C5DE-4B9C-BB33-806F27D2EF0E}.Ad-Hoc|iPhone.ActiveCfg = Release|Any CPU
		{22C679FC-C5DE-4B9C-BB33-806F27D2EF0E}.Ad-Hoc|iPhone.Build.0 = Release|Any CPU
		{22C679FC-C5DE-4B9C-BB33-806F27D2EF0E}.Ad-Hoc|iPhone.Deploy.0 = Release|Any CPU
		{22C679FC-C5DE-4B9C-BB33-806F27D2EF0E}.Ad-Hoc|iPhoneSimulator.ActiveCfg = Release|Any CPU
		{22C679FC-C5DE-4B9C-BB33-806F27D2EF0E}.Ad-Hoc|iPhoneSimulator.Build.0 = Release|Any CPU
		{22C679FC-C5DE-4B9C-BB33-806F27D2EF0E}.Ad-Hoc|iPhoneSimulator.Deploy.0 = Release|Any CPU
		{22C679FC-C5DE-4B9C-BB33-806F27D2EF0E}.Ad-Hoc|x64.ActiveCfg = Release|Any CPU
		{22C679FC-C5DE-4B9C-BB33-806F27D2EF0E}.Ad-Hoc|x64.Build.0 = Release|Any CPU
		{22C679FC-C5DE-4B9C-BB33-806F27D2EF0E}.Ad-Hoc|x64.Deploy.0 = Release|Any CPU
		{22C679FC-C5DE-4B9C-BB33-806F27D2EF0E}.Ad-Hoc|x86.ActiveCfg = Release|Any CPU
		{22C679FC-C5DE-4B9C-BB33-806F27D2EF0E}.Ad-Hoc|x86.Build.0 = Release|Any CPU
		{22C679FC-C5DE-4B9C-BB33-806F27D2EF0E}.Ad-Hoc|x86.Deploy.0 = Release|Any CPU
		{22C679FC-C5DE-4B9C-BB33-806F27D2EF0E}.AppStore|Any CPU.ActiveCfg = Release|Any CPU
		{22C679FC-C5DE-4B9C-BB33-806F27D2EF0E}.AppStore|Any CPU.Build.0 = Release|Any CPU
		{22C679FC-C5DE-4B9C-BB33-806F27D2EF0E}.AppStore|Any CPU.Deploy.0 = Release|Any CPU
		{22C679FC-C5DE-4B9C-BB33-806F27D2EF0E}.AppStore|ARM.ActiveCfg = Release|Any CPU
		{22C679FC-C5DE-4B9C-BB33-806F27D2EF0E}.AppStore|ARM.Build.0 = Release|Any CPU
		{22C679FC-C5DE-4B9C-BB33-806F27D2EF0E}.AppStore|ARM.Deploy.0 = Release|Any CPU
		{22C679FC-C5DE-4B9C-BB33-806F27D2EF0E}.AppStore|iPhone.ActiveCfg = Release|Any CPU
		{22C679FC-C5DE-4B9C-BB33-806F27D2EF0E}.AppStore|iPhone.Build.0 = Release|Any CPU
		{22C679FC-C5DE-4B9C-BB33-806F27D2EF0E}.AppStore|iPhone.Deploy.0 = Release|Any CPU
		{22C679FC-C5DE-4B9C-BB33-806F27D2EF0E}.AppStore|iPhoneSimulator.ActiveCfg = Release|Any CPU
		{22C679FC-C5DE-4B9C-BB33-806F27D2EF0E}.AppStore|iPhoneSimulator.Build.0 = Release|Any CPU
		{22C679FC-C5DE-4B9C-BB33-806F27D2EF0E}.AppStore|iPhoneSimulator.Deploy.0 = Release|Any CPU
		{22C679FC-C5DE-4B9C-BB33-806F27D2EF0E}.AppStore|x64.ActiveCfg = Release|Any CPU
		{22C679FC-C5DE-4B9C-BB33-806F27D2EF0E}.AppStore|x64.Build.0 = Release|Any CPU
		{22C679FC-C5DE-4B9C-BB33-806F27D2EF0E}.AppStore|x64.Deploy.0 = Release|Any CPU
		{22C679FC-C5DE-4B9C-BB33-806F27D2EF0E}.AppStore|x86.ActiveCfg = Release|Any CPU
		{22C679FC-C5DE-4B9C-BB33-806F27D2EF0E}.AppStore|x86.Build.0 = Release|Any CPU
		{22C679FC-C5DE-4B9C-BB33-806F27D2EF0E}.AppStore|x86.Deploy.0 = Release|Any CPU
		{22C679FC-C5DE-4B9C-BB33-806F27D2EF0E}.Debug|Any CPU.ActiveCfg = Debug|Any CPU
		{22C679FC-C5DE-4B9C-BB33-806F27D2EF0E}.Debug|Any CPU.Build.0 = Debug|Any CPU
		{22C679FC-C5DE-4B9C-BB33-806F27D2EF0E}.Debug|Any CPU.Deploy.0 = Debug|Any CPU
		{22C679FC-C5DE-4B9C-BB33-806F27D2EF0E}.Debug|ARM.ActiveCfg = Debug|Any CPU
		{22C679FC-C5DE-4B9C-BB33-806F27D2EF0E}.Debug|ARM.Build.0 = Debug|Any CPU
		{22C679FC-C5DE-4B9C-BB33-806F27D2EF0E}.Debug|ARM.Deploy.0 = Debug|Any CPU
		{22C679FC-C5DE-4B9C-BB33-806F27D2EF0E}.Debug|iPhone.ActiveCfg = Debug|Any CPU
		{22C679FC-C5DE-4B9C-BB33-806F27D2EF0E}.Debug|iPhone.Build.0 = Debug|Any CPU
		{22C679FC-C5DE-4B9C-BB33-806F27D2EF0E}.Debug|iPhone.Deploy.0 = Debug|Any CPU
		{22C679FC-C5DE-4B9C-BB33-806F27D2EF0E}.Debug|iPhoneSimulator.ActiveCfg = Debug|Any CPU
		{22C679FC-C5DE-4B9C-BB33-806F27D2EF0E}.Debug|iPhoneSimulator.Build.0 = Debug|Any CPU
		{22C679FC-C5DE-4B9C-BB33-806F27D2EF0E}.Debug|iPhoneSimulator.Deploy.0 = Debug|Any CPU
		{22C679FC-C5DE-4B9C-BB33-806F27D2EF0E}.Debug|x64.ActiveCfg = Debug|Any CPU
		{22C679FC-C5DE-4B9C-BB33-806F27D2EF0E}.Debug|x64.Build.0 = Debug|Any CPU
		{22C679FC-C5DE-4B9C-BB33-806F27D2EF0E}.Debug|x64.Deploy.0 = Debug|Any CPU
		{22C679FC-C5DE-4B9C-BB33-806F27D2EF0E}.Debug|x86.ActiveCfg = Debug|Any CPU
		{22C679FC-C5DE-4B9C-BB33-806F27D2EF0E}.Debug|x86.Build.0 = Debug|Any CPU
		{22C679FC-C5DE-4B9C-BB33-806F27D2EF0E}.Debug|x86.Deploy.0 = Debug|Any CPU
		{22C679FC-C5DE-4B9C-BB33-806F27D2EF0E}.Release|Any CPU.ActiveCfg = Release|Any CPU
		{22C679FC-C5DE-4B9C-BB33-806F27D2EF0E}.Release|Any CPU.Build.0 = Release|Any CPU
		{22C679FC-C5DE-4B9C-BB33-806F27D2EF0E}.Release|Any CPU.Deploy.0 = Release|Any CPU
		{22C679FC-C5DE-4B9C-BB33-806F27D2EF0E}.Release|ARM.ActiveCfg = Release|Any CPU
		{22C679FC-C5DE-4B9C-BB33-806F27D2EF0E}.Release|ARM.Build.0 = Release|Any CPU
		{22C679FC-C5DE-4B9C-BB33-806F27D2EF0E}.Release|ARM.Deploy.0 = Release|Any CPU
		{22C679FC-C5DE-4B9C-BB33-806F27D2EF0E}.Release|iPhone.ActiveCfg = Release|Any CPU
		{22C679FC-C5DE-4B9C-BB33-806F27D2EF0E}.Release|iPhone.Build.0 = Release|Any CPU
		{22C679FC-C5DE-4B9C-BB33-806F27D2EF0E}.Release|iPhone.Deploy.0 = Release|Any CPU
		{22C679FC-C5DE-4B9C-BB33-806F27D2EF0E}.Release|iPhoneSimulator.ActiveCfg = Release|Any CPU
		{22C679FC-C5DE-4B9C-BB33-806F27D2EF0E}.Release|iPhoneSimulator.Build.0 = Release|Any CPU
		{22C679FC-C5DE-4B9C-BB33-806F27D2EF0E}.Release|iPhoneSimulator.Deploy.0 = Release|Any CPU
		{22C679FC-C5DE-4B9C-BB33-806F27D2EF0E}.Release|x64.ActiveCfg = Release|Any CPU
		{22C679FC-C5DE-4B9C-BB33-806F27D2EF0E}.Release|x64.Build.0 = Release|Any CPU
		{22C679FC-C5DE-4B9C-BB33-806F27D2EF0E}.Release|x64.Deploy.0 = Release|Any CPU
		{22C679FC-C5DE-4B9C-BB33-806F27D2EF0E}.Release|x86.ActiveCfg = Release|Any CPU
		{22C679FC-C5DE-4B9C-BB33-806F27D2EF0E}.Release|x86.Build.0 = Release|Any CPU
		{22C679FC-C5DE-4B9C-BB33-806F27D2EF0E}.Release|x86.Deploy.0 = Release|Any CPU
		{B24B3ED8-720F-4588-985E-2E3578C23B4B}.Ad-Hoc|Any CPU.ActiveCfg = Ad-Hoc|iPhone
		{B24B3ED8-720F-4588-985E-2E3578C23B4B}.Ad-Hoc|ARM.ActiveCfg = Ad-Hoc|iPhone
		{B24B3ED8-720F-4588-985E-2E3578C23B4B}.Ad-Hoc|iPhone.ActiveCfg = Ad-Hoc|iPhone
		{B24B3ED8-720F-4588-985E-2E3578C23B4B}.Ad-Hoc|iPhone.Build.0 = Ad-Hoc|iPhone
		{B24B3ED8-720F-4588-985E-2E3578C23B4B}.Ad-Hoc|iPhoneSimulator.ActiveCfg = Ad-Hoc|iPhoneSimulator
		{B24B3ED8-720F-4588-985E-2E3578C23B4B}.Ad-Hoc|iPhoneSimulator.Build.0 = Ad-Hoc|iPhoneSimulator
		{B24B3ED8-720F-4588-985E-2E3578C23B4B}.Ad-Hoc|x64.ActiveCfg = Ad-Hoc|iPhone
		{B24B3ED8-720F-4588-985E-2E3578C23B4B}.Ad-Hoc|x86.ActiveCfg = Ad-Hoc|iPhone
		{B24B3ED8-720F-4588-985E-2E3578C23B4B}.AppStore|Any CPU.ActiveCfg = AppStore|iPhone
		{B24B3ED8-720F-4588-985E-2E3578C23B4B}.AppStore|ARM.ActiveCfg = AppStore|iPhone
		{B24B3ED8-720F-4588-985E-2E3578C23B4B}.AppStore|iPhone.ActiveCfg = AppStore|iPhone
		{B24B3ED8-720F-4588-985E-2E3578C23B4B}.AppStore|iPhone.Build.0 = AppStore|iPhone
		{B24B3ED8-720F-4588-985E-2E3578C23B4B}.AppStore|iPhoneSimulator.ActiveCfg = AppStore|iPhoneSimulator
		{B24B3ED8-720F-4588-985E-2E3578C23B4B}.AppStore|iPhoneSimulator.Build.0 = AppStore|iPhoneSimulator
		{B24B3ED8-720F-4588-985E-2E3578C23B4B}.AppStore|x64.ActiveCfg = AppStore|iPhone
		{B24B3ED8-720F-4588-985E-2E3578C23B4B}.AppStore|x86.ActiveCfg = AppStore|iPhone
		{B24B3ED8-720F-4588-985E-2E3578C23B4B}.Debug|Any CPU.ActiveCfg = Debug|iPhone
		{B24B3ED8-720F-4588-985E-2E3578C23B4B}.Debug|ARM.ActiveCfg = Debug|iPhone
		{B24B3ED8-720F-4588-985E-2E3578C23B4B}.Debug|iPhone.ActiveCfg = Debug|iPhone
		{B24B3ED8-720F-4588-985E-2E3578C23B4B}.Debug|iPhone.Build.0 = Debug|iPhone
		{B24B3ED8-720F-4588-985E-2E3578C23B4B}.Debug|iPhoneSimulator.ActiveCfg = Debug|iPhoneSimulator
		{B24B3ED8-720F-4588-985E-2E3578C23B4B}.Debug|iPhoneSimulator.Build.0 = Debug|iPhoneSimulator
		{B24B3ED8-720F-4588-985E-2E3578C23B4B}.Debug|x64.ActiveCfg = Debug|iPhone
		{B24B3ED8-720F-4588-985E-2E3578C23B4B}.Debug|x86.ActiveCfg = Debug|iPhone
		{B24B3ED8-720F-4588-985E-2E3578C23B4B}.Release|Any CPU.ActiveCfg = Release|iPhone
		{B24B3ED8-720F-4588-985E-2E3578C23B4B}.Release|ARM.ActiveCfg = Release|iPhone
		{B24B3ED8-720F-4588-985E-2E3578C23B4B}.Release|iPhone.ActiveCfg = Release|iPhone
		{B24B3ED8-720F-4588-985E-2E3578C23B4B}.Release|iPhone.Build.0 = Release|iPhone
		{B24B3ED8-720F-4588-985E-2E3578C23B4B}.Release|iPhoneSimulator.ActiveCfg = Release|iPhoneSimulator
		{B24B3ED8-720F-4588-985E-2E3578C23B4B}.Release|iPhoneSimulator.Build.0 = Release|iPhoneSimulator
		{B24B3ED8-720F-4588-985E-2E3578C23B4B}.Release|x64.ActiveCfg = Release|iPhone
		{B24B3ED8-720F-4588-985E-2E3578C23B4B}.Release|x86.ActiveCfg = Release|iPhone
		{D46B35E3-1ADF-4C62-9667-D29F18B0B616}.Ad-Hoc|Any CPU.ActiveCfg = Release|x86
		{D46B35E3-1ADF-4C62-9667-D29F18B0B616}.Ad-Hoc|Any CPU.Build.0 = Release|x86
		{D46B35E3-1ADF-4C62-9667-D29F18B0B616}.Ad-Hoc|Any CPU.Deploy.0 = Release|x86
		{D46B35E3-1ADF-4C62-9667-D29F18B0B616}.Ad-Hoc|ARM.ActiveCfg = Release|ARM
		{D46B35E3-1ADF-4C62-9667-D29F18B0B616}.Ad-Hoc|ARM.Build.0 = Release|ARM
		{D46B35E3-1ADF-4C62-9667-D29F18B0B616}.Ad-Hoc|ARM.Deploy.0 = Release|ARM
		{D46B35E3-1ADF-4C62-9667-D29F18B0B616}.Ad-Hoc|iPhone.ActiveCfg = Release|x86
		{D46B35E3-1ADF-4C62-9667-D29F18B0B616}.Ad-Hoc|iPhone.Build.0 = Release|x86
		{D46B35E3-1ADF-4C62-9667-D29F18B0B616}.Ad-Hoc|iPhone.Deploy.0 = Release|x86
		{D46B35E3-1ADF-4C62-9667-D29F18B0B616}.Ad-Hoc|iPhoneSimulator.ActiveCfg = Release|x86
		{D46B35E3-1ADF-4C62-9667-D29F18B0B616}.Ad-Hoc|iPhoneSimulator.Build.0 = Release|x86
		{D46B35E3-1ADF-4C62-9667-D29F18B0B616}.Ad-Hoc|iPhoneSimulator.Deploy.0 = Release|x86
		{D46B35E3-1ADF-4C62-9667-D29F18B0B616}.Ad-Hoc|x64.ActiveCfg = Release|x64
		{D46B35E3-1ADF-4C62-9667-D29F18B0B616}.Ad-Hoc|x64.Build.0 = Release|x64
		{D46B35E3-1ADF-4C62-9667-D29F18B0B616}.Ad-Hoc|x64.Deploy.0 = Release|x64
		{D46B35E3-1ADF-4C62-9667-D29F18B0B616}.Ad-Hoc|x86.ActiveCfg = Release|x86
		{D46B35E3-1ADF-4C62-9667-D29F18B0B616}.Ad-Hoc|x86.Build.0 = Release|x86
		{D46B35E3-1ADF-4C62-9667-D29F18B0B616}.Ad-Hoc|x86.Deploy.0 = Release|x86
		{D46B35E3-1ADF-4C62-9667-D29F18B0B616}.AppStore|Any CPU.ActiveCfg = Release|x86
		{D46B35E3-1ADF-4C62-9667-D29F18B0B616}.AppStore|Any CPU.Build.0 = Release|x86
		{D46B35E3-1ADF-4C62-9667-D29F18B0B616}.AppStore|Any CPU.Deploy.0 = Release|x86
		{D46B35E3-1ADF-4C62-9667-D29F18B0B616}.AppStore|ARM.ActiveCfg = Release|ARM
		{D46B35E3-1ADF-4C62-9667-D29F18B0B616}.AppStore|ARM.Build.0 = Release|ARM
		{D46B35E3-1ADF-4C62-9667-D29F18B0B616}.AppStore|ARM.Deploy.0 = Release|ARM
		{D46B35E3-1ADF-4C62-9667-D29F18B0B616}.AppStore|iPhone.ActiveCfg = Release|x86
		{D46B35E3-1ADF-4C62-9667-D29F18B0B616}.AppStore|iPhone.Build.0 = Release|x86
		{D46B35E3-1ADF-4C62-9667-D29F18B0B616}.AppStore|iPhone.Deploy.0 = Release|x86
		{D46B35E3-1ADF-4C62-9667-D29F18B0B616}.AppStore|iPhoneSimulator.ActiveCfg = Release|x86
		{D46B35E3-1ADF-4C62-9667-D29F18B0B616}.AppStore|iPhoneSimulator.Build.0 = Release|x86
		{D46B35E3-1ADF-4C62-9667-D29F18B0B616}.AppStore|iPhoneSimulator.Deploy.0 = Release|x86
		{D46B35E3-1ADF-4C62-9667-D29F18B0B616}.AppStore|x64.ActiveCfg = Release|x64
		{D46B35E3-1ADF-4C62-9667-D29F18B0B616}.AppStore|x64.Build.0 = Release|x64
		{D46B35E3-1ADF-4C62-9667-D29F18B0B616}.AppStore|x64.Deploy.0 = Release|x64
		{D46B35E3-1ADF-4C62-9667-D29F18B0B616}.AppStore|x86.ActiveCfg = Release|x86
		{D46B35E3-1ADF-4C62-9667-D29F18B0B616}.AppStore|x86.Build.0 = Release|x86
		{D46B35E3-1ADF-4C62-9667-D29F18B0B616}.AppStore|x86.Deploy.0 = Release|x86
		{D46B35E3-1ADF-4C62-9667-D29F18B0B616}.Debug|Any CPU.ActiveCfg = Debug|x86
		{D46B35E3-1ADF-4C62-9667-D29F18B0B616}.Debug|ARM.ActiveCfg = Debug|ARM
		{D46B35E3-1ADF-4C62-9667-D29F18B0B616}.Debug|ARM.Build.0 = Debug|ARM
		{D46B35E3-1ADF-4C62-9667-D29F18B0B616}.Debug|ARM.Deploy.0 = Debug|ARM
		{D46B35E3-1ADF-4C62-9667-D29F18B0B616}.Debug|iPhone.ActiveCfg = Debug|x86
		{D46B35E3-1ADF-4C62-9667-D29F18B0B616}.Debug|iPhoneSimulator.ActiveCfg = Debug|x86
		{D46B35E3-1ADF-4C62-9667-D29F18B0B616}.Debug|x64.ActiveCfg = Debug|x64
		{D46B35E3-1ADF-4C62-9667-D29F18B0B616}.Debug|x64.Build.0 = Debug|x64
		{D46B35E3-1ADF-4C62-9667-D29F18B0B616}.Debug|x64.Deploy.0 = Debug|x64
		{D46B35E3-1ADF-4C62-9667-D29F18B0B616}.Debug|x86.ActiveCfg = Debug|x86
		{D46B35E3-1ADF-4C62-9667-D29F18B0B616}.Debug|x86.Build.0 = Debug|x86
		{D46B35E3-1ADF-4C62-9667-D29F18B0B616}.Debug|x86.Deploy.0 = Debug|x86
		{D46B35E3-1ADF-4C62-9667-D29F18B0B616}.Release|Any CPU.ActiveCfg = Release|x86
		{D46B35E3-1ADF-4C62-9667-D29F18B0B616}.Release|ARM.ActiveCfg = Release|ARM
		{D46B35E3-1ADF-4C62-9667-D29F18B0B616}.Release|ARM.Build.0 = Release|ARM
		{D46B35E3-1ADF-4C62-9667-D29F18B0B616}.Release|ARM.Deploy.0 = Release|ARM
		{D46B35E3-1ADF-4C62-9667-D29F18B0B616}.Release|iPhone.ActiveCfg = Release|x86
		{D46B35E3-1ADF-4C62-9667-D29F18B0B616}.Release|iPhoneSimulator.ActiveCfg = Release|x86
		{D46B35E3-1ADF-4C62-9667-D29F18B0B616}.Release|x64.ActiveCfg = Release|x64
		{D46B35E3-1ADF-4C62-9667-D29F18B0B616}.Release|x64.Build.0 = Release|x64
		{D46B35E3-1ADF-4C62-9667-D29F18B0B616}.Release|x64.Deploy.0 = Release|x64
		{D46B35E3-1ADF-4C62-9667-D29F18B0B616}.Release|x86.ActiveCfg = Release|x86
		{D46B35E3-1ADF-4C62-9667-D29F18B0B616}.Release|x86.Build.0 = Release|x86
		{D46B35E3-1ADF-4C62-9667-D29F18B0B616}.Release|x86.Deploy.0 = Release|x86
	EndGlobalSection
	GlobalSection(SolutionProperties) = preSolution
		HideSolutionNode = FALSE
	EndGlobalSection
	GlobalSection(ExtensibilityGlobals) = postSolution
		SolutionGuid = {8845E36A-345E-42E8-9D4B-BB8DFCE93FFF}
	EndGlobalSection
EndGlobal
